
Microsoft Visual Studio Solution File, Format Version 12.00
Project("{FAE04EC0-301F-11D3-BF4B-00C04F79EFBC}") = "POEBulkTradeService", "POEBulkTradeService\POEBulkTradeService.csproj", "{9CDE28A2-C58B-4575-B4E3-79B6A1B32AB0}"
EndProject
Project("{FAE04EC0-301F-11D3-BF4B-00C04F79EFBC}") = "TestBulkTradeService", "TestBulkTradeService\TestBulkTradeService.csproj", "{06B05D55-EB9F-4150-9C99-EFCFEFBD2068}"
EndProject
Global
	GlobalSection(SolutionConfigurationPlatforms) = preSolution
		Debug|Any CPU = Debug|Any CPU
		Release|Any CPU = Release|Any CPU
	EndGlobalSection
	GlobalSection(ProjectConfigurationPlatforms) = postSolution
		{9CDE28A2-C58B-4575-B4E3-79B6A1B32AB0}.Debug|Any CPU.ActiveCfg = Debug|Any CPU
		{9CDE28A2-C58B-4575-B4E3-79B6A1B32AB0}.Debug|Any CPU.Build.0 = Debug|Any CPU
		{9CDE28A2-C58B-4575-B4E3-79B6A1B32AB0}.Release|Any CPU.ActiveCfg = Release|Any CPU
		{9CDE28A2-C58B-4575-B4E3-79B6A1B32AB0}.Release|Any CPU.Build.0 = Release|Any CPU
		{06B05D55-EB9F-4150-9C99-EFCFEFBD2068}.Debug|Any CPU.ActiveCfg = Debug|Any CPU
		{06B05D55-EB9F-4150-9C99-EFCFEFBD2068}.Debug|Any CPU.Build.0 = Debug|Any CPU
		{06B05D55-EB9F-4150-9C99-EFCFEFBD2068}.Release|Any CPU.ActiveCfg = Release|Any CPU
		{06B05D55-EB9F-4150-9C99-EFCFEFBD2068}.Release|Any CPU.Build.0 = Release|Any CPU
	EndGlobalSection
EndGlobal
